
Microsoft Visual Studio Solution File, Format Version 12.00
# Visual Studio Version 16
VisualStudioVersion = 16.0.32929.386
MinimumVisualStudioVersion = 10.0.40219.1
Project("{FAE04EC0-301F-11D3-BF4B-00C04F79EFBC}") = "Data analysis script examples", "Data analysis script examples\Data analysis script examples.csproj", "{D60A11A2-9C74-4BBF-BF45-2EA05804C116}"
EndProject
Global
	GlobalSection(SolutionConfigurationPlatforms) = preSolution
		Debug|Any CPU = Debug|Any CPU
		Release|Any CPU = Release|Any CPU
	EndGlobalSection
	GlobalSection(ProjectConfigurationPlatforms) = postSolution
		{D60A11A2-9C74-4BBF-BF45-2EA05804C116}.Debug|Any CPU.ActiveCfg = Debug|Any CPU
		{D60A11A2-9C74-4BBF-BF45-2EA05804C116}.Debug|Any CPU.Build.0 = Debug|Any CPU
		{D60A11A2-9C74-4BBF-BF45-2EA05804C116}.Release|Any CPU.ActiveCfg = Release|Any CPU
		{D60A11A2-9C74-4BBF-BF45-2EA05804C116}.Release|Any CPU.Build.0 = Release|Any CPU
	EndGlobalSection
	GlobalSection(SolutionProperties) = preSolution
		HideSolutionNode = FALSE
	EndGlobalSection
	GlobalSection(ExtensibilityGlobals) = postSolution
		SolutionGuid = {953E8CCE-B912-48E6-BAE3-78B4831A7581}
	EndGlobalSection
EndGlobal
